// !$*UTF8*$!
{
	archiveVersion = 1;
	classes = {
	};
	objectVersion = 50;
	objects = {

/* Begin PBXBuildFile section */
		84ACB43325CB8C5B0019807D /* Constants.swift in Sources */ = {isa = PBXBuildFile; fileRef = 84ACB43225CB8C5B0019807D /* Constants.swift */; };
		84AEDB2925D902960044792E /* UITextFieldExtension.swift in Sources */ = {isa = PBXBuildFile; fileRef = 84AEDB2825D902960044792E /* UITextFieldExtension.swift */; };
		84B23A8B25D1396C0028F4DB /* GameRoundsPresenter.swift in Sources */ = {isa = PBXBuildFile; fileRef = 84B23A8A25D1396C0028F4DB /* GameRoundsPresenter.swift */; };
		84B23A8F25D139B00028F4DB /* GameRoundsController.swift in Sources */ = {isa = PBXBuildFile; fileRef = 84B23A8E25D139B00028F4DB /* GameRoundsController.swift */; };
		84B338CB25B022180088CCC0 /* AppDelegate.swift in Sources */ = {isa = PBXBuildFile; fileRef = 84B338CA25B022180088CCC0 /* AppDelegate.swift */; };
		84B338CD25B022180088CCC0 /* SceneDelegate.swift in Sources */ = {isa = PBXBuildFile; fileRef = 84B338CC25B022180088CCC0 /* SceneDelegate.swift */; };
		84B338CF25B022180088CCC0 /* ViewController.swift in Sources */ = {isa = PBXBuildFile; fileRef = 84B338CE25B022180088CCC0 /* ViewController.swift */; };
		84B338D225B022180088CCC0 /* Main.storyboard in Resources */ = {isa = PBXBuildFile; fileRef = 84B338D025B022180088CCC0 /* Main.storyboard */; };
		84B338D425B022190088CCC0 /* Assets.xcassets in Resources */ = {isa = PBXBuildFile; fileRef = 84B338D325B022190088CCC0 /* Assets.xcassets */; };
		84B338D725B022190088CCC0 /* LaunchScreen.storyboard in Resources */ = {isa = PBXBuildFile; fileRef = 84B338D525B022190088CCC0 /* LaunchScreen.storyboard */; };
		84B338E625B0C8860088CCC0 /* ModulesFactory.swift in Sources */ = {isa = PBXBuildFile; fileRef = 84B338E525B0C8860088CCC0 /* ModulesFactory.swift */; };
		84B338EC25B0C90C0088CCC0 /* StartNewGamePresenter.swift in Sources */ = {isa = PBXBuildFile; fileRef = 84B338EB25B0C90C0088CCC0 /* StartNewGamePresenter.swift */; };
		84B338EF25B0C93A0088CCC0 /* StartNewGameViewModel.swift in Sources */ = {isa = PBXBuildFile; fileRef = 84B338EE25B0C93A0088CCC0 /* StartNewGameViewModel.swift */; };
		84B338F225B0C9520088CCC0 /* StartNewGameView.swift in Sources */ = {isa = PBXBuildFile; fileRef = 84B338F125B0C9520088CCC0 /* StartNewGameView.swift */; };
		84B338F625B0DC930088CCC0 /* SetNumberToGuessPresenter.swift in Sources */ = {isa = PBXBuildFile; fileRef = 84B338F525B0DC930088CCC0 /* SetNumberToGuessPresenter.swift */; };
		84B338FB25B0DCD10088CCC0 /* SetNumberToGuessView.swift in Sources */ = {isa = PBXBuildFile; fileRef = 84B338FA25B0DCD10088CCC0 /* SetNumberToGuessView.swift */; };
		84B338FE25B0DCE50088CCC0 /* SetNumberToGuessViewModel.swift in Sources */ = {isa = PBXBuildFile; fileRef = 84B338FD25B0DCE50088CCC0 /* SetNumberToGuessViewModel.swift */; };
		84B3390525B0DD3C0088CCC0 /* ComputerGuessesNumberPresenter.swift in Sources */ = {isa = PBXBuildFile; fileRef = 84B3390425B0DD3C0088CCC0 /* ComputerGuessesNumberPresenter.swift */; };
		84B3390825B0DD500088CCC0 /* ComputerGuessesNumberView.swift in Sources */ = {isa = PBXBuildFile; fileRef = 84B3390725B0DD500088CCC0 /* ComputerGuessesNumberView.swift */; };
		84B3390B25B0DD640088CCC0 /* ComputerGuessesNumberViewModel.swift in Sources */ = {isa = PBXBuildFile; fileRef = 84B3390A25B0DD640088CCC0 /* ComputerGuessesNumberViewModel.swift */; };
		84B3390F25B0DD870088CCC0 /* UserGuessesNumberPresenter.swift in Sources */ = {isa = PBXBuildFile; fileRef = 84B3390E25B0DD870088CCC0 /* UserGuessesNumberPresenter.swift */; };
		84B3391225B0DD9B0088CCC0 /* UserGuessesNumberView.swift in Sources */ = {isa = PBXBuildFile; fileRef = 84B3391125B0DD9B0088CCC0 /* UserGuessesNumberView.swift */; };
		84B3391525B0DDAC0088CCC0 /* UserGuessesNumberViewModel.swift in Sources */ = {isa = PBXBuildFile; fileRef = 84B3391425B0DDAC0088CCC0 /* UserGuessesNumberViewModel.swift */; };
		84B5950925D5347200FC3456 /* KeyboardHandler.swift in Sources */ = {isa = PBXBuildFile; fileRef = 84B5950825D5347200FC3456 /* KeyboardHandler.swift */; };
		D9AF6B0925D0103F00A016DF /* ComputerGuessingService.swift in Sources */ = {isa = PBXBuildFile; fileRef = D9AF6B0825D0103F00A016DF /* ComputerGuessingService.swift */; };
		D9AF6B2625D0195200A016DF /* UserGuessingService.swift in Sources */ = {isa = PBXBuildFile; fileRef = D9AF6B2525D0195200A016DF /* UserGuessingService.swift */; };
		D9AF6B3225D01DD100A016DF /* ComputerGuessingServiceTests.swift in Sources */ = {isa = PBXBuildFile; fileRef = D9AF6B3125D01DD100A016DF /* ComputerGuessingServiceTests.swift */; };
		D9AF6B4725D02D0400A016DF /* NumberTips.swift in Sources */ = {isa = PBXBuildFile; fileRef = D9AF6B4625D02D0400A016DF /* NumberTips.swift */; };
		D9AF6B4D25D0384600A016DF /* UserGuessingServiceTests.swift in Sources */ = {isa = PBXBuildFile; fileRef = D9AF6B4C25D0384600A016DF /* UserGuessingServiceTests.swift */; };
/* End PBXBuildFile section */

/* Begin PBXContainerItemProxy section */
		D9AF6B3425D01DD100A016DF /* PBXContainerItemProxy */ = {
			isa = PBXContainerItemProxy;
			containerPortal = 84B338BF25B022180088CCC0 /* Project object */;
			proxyType = 1;
			remoteGlobalIDString = 84B338C625B022180088CCC0;
			remoteInfo = ProductivityInsideTestWork;
		};
/* End PBXContainerItemProxy section */

/* Begin PBXFileReference section */
		84ACB43225CB8C5B0019807D /* Constants.swift */ = {isa = PBXFileReference; lastKnownFileType = sourcecode.swift; path = Constants.swift; sourceTree = "<group>"; };
		84AEDB2825D902960044792E /* UITextFieldExtension.swift */ = {isa = PBXFileReference; lastKnownFileType = sourcecode.swift; path = UITextFieldExtension.swift; sourceTree = "<group>"; };
		84B23A8A25D1396C0028F4DB /* GameRoundsPresenter.swift */ = {isa = PBXFileReference; lastKnownFileType = sourcecode.swift; path = GameRoundsPresenter.swift; sourceTree = "<group>"; };
		84B23A8E25D139B00028F4DB /* GameRoundsController.swift */ = {isa = PBXFileReference; lastKnownFileType = sourcecode.swift; path = GameRoundsController.swift; sourceTree = "<group>"; };
		84B338C725B022180088CCC0 /* ProductivityInsideTestWork.app */ = {isa = PBXFileReference; explicitFileType = wrapper.application; includeInIndex = 0; path = ProductivityInsideTestWork.app; sourceTree = BUILT_PRODUCTS_DIR; };
		84B338CA25B022180088CCC0 /* AppDelegate.swift */ = {isa = PBXFileReference; lastKnownFileType = sourcecode.swift; path = AppDelegate.swift; sourceTree = "<group>"; };
		84B338CC25B022180088CCC0 /* SceneDelegate.swift */ = {isa = PBXFileReference; lastKnownFileType = sourcecode.swift; path = SceneDelegate.swift; sourceTree = "<group>"; };
		84B338CE25B022180088CCC0 /* ViewController.swift */ = {isa = PBXFileReference; lastKnownFileType = sourcecode.swift; path = ViewController.swift; sourceTree = "<group>"; };
		84B338D125B022180088CCC0 /* Base */ = {isa = PBXFileReference; lastKnownFileType = file.storyboard; name = Base; path = Base.lproj/Main.storyboard; sourceTree = "<group>"; };
		84B338D325B022190088CCC0 /* Assets.xcassets */ = {isa = PBXFileReference; lastKnownFileType = folder.assetcatalog; path = Assets.xcassets; sourceTree = "<group>"; };
		84B338D625B022190088CCC0 /* Base */ = {isa = PBXFileReference; lastKnownFileType = file.storyboard; name = Base; path = Base.lproj/LaunchScreen.storyboard; sourceTree = "<group>"; };
		84B338D825B022190088CCC0 /* Info.plist */ = {isa = PBXFileReference; lastKnownFileType = text.plist.xml; path = Info.plist; sourceTree = "<group>"; };
		84B338E525B0C8860088CCC0 /* ModulesFactory.swift */ = {isa = PBXFileReference; lastKnownFileType = sourcecode.swift; path = ModulesFactory.swift; sourceTree = "<group>"; };
		84B338EB25B0C90C0088CCC0 /* StartNewGamePresenter.swift */ = {isa = PBXFileReference; lastKnownFileType = sourcecode.swift; path = StartNewGamePresenter.swift; sourceTree = "<group>"; };
		84B338EE25B0C93A0088CCC0 /* StartNewGameViewModel.swift */ = {isa = PBXFileReference; lastKnownFileType = sourcecode.swift; path = StartNewGameViewModel.swift; sourceTree = "<group>"; };
		84B338F125B0C9520088CCC0 /* StartNewGameView.swift */ = {isa = PBXFileReference; lastKnownFileType = sourcecode.swift; path = StartNewGameView.swift; sourceTree = "<group>"; };
		84B338F525B0DC930088CCC0 /* SetNumberToGuessPresenter.swift */ = {isa = PBXFileReference; lastKnownFileType = sourcecode.swift; path = SetNumberToGuessPresenter.swift; sourceTree = "<group>"; };
		84B338FA25B0DCD10088CCC0 /* SetNumberToGuessView.swift */ = {isa = PBXFileReference; lastKnownFileType = sourcecode.swift; path = SetNumberToGuessView.swift; sourceTree = "<group>"; };
		84B338FD25B0DCE50088CCC0 /* SetNumberToGuessViewModel.swift */ = {isa = PBXFileReference; lastKnownFileType = sourcecode.swift; path = SetNumberToGuessViewModel.swift; sourceTree = "<group>"; };
		84B3390425B0DD3C0088CCC0 /* ComputerGuessesNumberPresenter.swift */ = {isa = PBXFileReference; lastKnownFileType = sourcecode.swift; path = ComputerGuessesNumberPresenter.swift; sourceTree = "<group>"; };
		84B3390725B0DD500088CCC0 /* ComputerGuessesNumberView.swift */ = {isa = PBXFileReference; lastKnownFileType = sourcecode.swift; path = ComputerGuessesNumberView.swift; sourceTree = "<group>"; };
		84B3390A25B0DD640088CCC0 /* ComputerGuessesNumberViewModel.swift */ = {isa = PBXFileReference; lastKnownFileType = sourcecode.swift; path = ComputerGuessesNumberViewModel.swift; sourceTree = "<group>"; };
		84B3390E25B0DD870088CCC0 /* UserGuessesNumberPresenter.swift */ = {isa = PBXFileReference; lastKnownFileType = sourcecode.swift; path = UserGuessesNumberPresenter.swift; sourceTree = "<group>"; };
		84B3391125B0DD9B0088CCC0 /* UserGuessesNumberView.swift */ = {isa = PBXFileReference; lastKnownFileType = sourcecode.swift; path = UserGuessesNumberView.swift; sourceTree = "<group>"; };
		84B3391425B0DDAC0088CCC0 /* UserGuessesNumberViewModel.swift */ = {isa = PBXFileReference; lastKnownFileType = sourcecode.swift; path = UserGuessesNumberViewModel.swift; sourceTree = "<group>"; };
		84B5950825D5347200FC3456 /* KeyboardHandler.swift */ = {isa = PBXFileReference; lastKnownFileType = sourcecode.swift; path = KeyboardHandler.swift; sourceTree = "<group>"; };
		D9AF6B0825D0103F00A016DF /* ComputerGuessingService.swift */ = {isa = PBXFileReference; lastKnownFileType = sourcecode.swift; path = ComputerGuessingService.swift; sourceTree = "<group>"; };
		D9AF6B2525D0195200A016DF /* UserGuessingService.swift */ = {isa = PBXFileReference; lastKnownFileType = sourcecode.swift; path = UserGuessingService.swift; sourceTree = "<group>"; };
		D9AF6B2F25D01DD000A016DF /* ProductivityInsideTestWorkTests.xctest */ = {isa = PBXFileReference; explicitFileType = wrapper.cfbundle; includeInIndex = 0; path = ProductivityInsideTestWorkTests.xctest; sourceTree = BUILT_PRODUCTS_DIR; };
		D9AF6B3125D01DD100A016DF /* ComputerGuessingServiceTests.swift */ = {isa = PBXFileReference; lastKnownFileType = sourcecode.swift; path = ComputerGuessingServiceTests.swift; sourceTree = "<group>"; };
		D9AF6B3325D01DD100A016DF /* Info.plist */ = {isa = PBXFileReference; lastKnownFileType = text.plist.xml; path = Info.plist; sourceTree = "<group>"; };
		D9AF6B4625D02D0400A016DF /* NumberTips.swift */ = {isa = PBXFileReference; lastKnownFileType = sourcecode.swift; path = NumberTips.swift; sourceTree = "<group>"; };
		D9AF6B4C25D0384600A016DF /* UserGuessingServiceTests.swift */ = {isa = PBXFileReference; lastKnownFileType = sourcecode.swift; path = UserGuessingServiceTests.swift; sourceTree = "<group>"; };
/* End PBXFileReference section */

/* Begin PBXFrameworksBuildPhase section */
		84B338C425B022180088CCC0 /* Frameworks */ = {
			isa = PBXFrameworksBuildPhase;
			buildActionMask = 2147483647;
			files = (
			);
			runOnlyForDeploymentPostprocessing = 0;
		};
		D9AF6B2C25D01DD000A016DF /* Frameworks */ = {
			isa = PBXFrameworksBuildPhase;
			buildActionMask = 2147483647;
			files = (
			);
			runOnlyForDeploymentPostprocessing = 0;
		};
/* End PBXFrameworksBuildPhase section */

/* Begin PBXGroup section */
		84B23A8525D1391F0028F4DB /* GameRoundsModule */ = {
			isa = PBXGroup;
			children = (
				84B23A8925D139530028F4DB /* View */,
				84B23A8825D1394C0028F4DB /* Presenter */,
			);
			path = GameRoundsModule;
			sourceTree = "<group>";
		};
		84B23A8825D1394C0028F4DB /* Presenter */ = {
			isa = PBXGroup;
			children = (
				84B23A8A25D1396C0028F4DB /* GameRoundsPresenter.swift */,
			);
			path = Presenter;
			sourceTree = "<group>";
		};
		84B23A8925D139530028F4DB /* View */ = {
			isa = PBXGroup;
			children = (
				84B23A8E25D139B00028F4DB /* GameRoundsController.swift */,
			);
			path = View;
			sourceTree = "<group>";
		};
		84B338BE25B022180088CCC0 = {
			isa = PBXGroup;
			children = (
				84B338C925B022180088CCC0 /* ProductivityInsideTestWork */,
				D9AF6B3025D01DD000A016DF /* ProductivityInsideTestWorkTests */,
				84B338C825B022180088CCC0 /* Products */,
			);
			sourceTree = "<group>";
		};
		84B338C825B022180088CCC0 /* Products */ = {
			isa = PBXGroup;
			children = (
				84B338C725B022180088CCC0 /* ProductivityInsideTestWork.app */,
				D9AF6B2F25D01DD000A016DF /* ProductivityInsideTestWorkTests.xctest */,
			);
			name = Products;
			sourceTree = "<group>";
		};
		84B338C925B022180088CCC0 /* ProductivityInsideTestWork */ = {
			isa = PBXGroup;
			children = (
				D9AF6B4425D02CB800A016DF /* PresentationLayer */,
				D9AF6B0725D0101200A016DF /* Services */,
				84B338E325B0C8600088CCC0 /* Assembly */,
				84B338CA25B022180088CCC0 /* AppDelegate.swift */,
				84B338CC25B022180088CCC0 /* SceneDelegate.swift */,
				84B5950825D5347200FC3456 /* KeyboardHandler.swift */,
				84B338CE25B022180088CCC0 /* ViewController.swift */,
				84B338D025B022180088CCC0 /* Main.storyboard */,
				84B338D325B022190088CCC0 /* Assets.xcassets */,
				84B338D525B022190088CCC0 /* LaunchScreen.storyboard */,
				84B338D825B022190088CCC0 /* Info.plist */,
				84ACB43225CB8C5B0019807D /* Constants.swift */,
			);
			path = ProductivityInsideTestWork;
			sourceTree = "<group>";
		};
		84B338DF25B0C79B0088CCC0 /* StartNewGameModule */ = {
			isa = PBXGroup;
			children = (
				84B338EA25B0C8E00088CCC0 /* Presenter */,
				84B338E925B0C8DA0088CCC0 /* View */,
			);
			path = StartNewGameModule;
			sourceTree = "<group>";
		};
		84B338E025B0C7BD0088CCC0 /* UserGuessesNumberModule */ = {
			isa = PBXGroup;
			children = (
				84B3390325B0DD1D0088CCC0 /* Presenter */,
				84B3390225B0DD180088CCC0 /* View */,
			);
			path = UserGuessesNumberModule;
			sourceTree = "<group>";
		};
		84B338E125B0C7EF0088CCC0 /* ComputerGuessesNumberModule */ = {
			isa = PBXGroup;
			children = (
				84B3390125B0DD0C0088CCC0 /* Presenter */,
				84B3390025B0DD050088CCC0 /* View */,
			);
			path = ComputerGuessesNumberModule;
			sourceTree = "<group>";
		};
		84B338E225B0C8100088CCC0 /* SetNumberToGuessModule */ = {
			isa = PBXGroup;
			children = (
				84B338F425B0DC680088CCC0 /* Presenter */,
				84B338F925B0DCA60088CCC0 /* View */,
			);
			path = SetNumberToGuessModule;
			sourceTree = "<group>";
		};
		84B338E325B0C8600088CCC0 /* Assembly */ = {
			isa = PBXGroup;
			children = (
				84B338E525B0C8860088CCC0 /* ModulesFactory.swift */,
			);
			path = Assembly;
			sourceTree = "<group>";
		};
		84B338E925B0C8DA0088CCC0 /* View */ = {
			isa = PBXGroup;
			children = (
				84B338F125B0C9520088CCC0 /* StartNewGameView.swift */,
				84B338EE25B0C93A0088CCC0 /* StartNewGameViewModel.swift */,
			);
			path = View;
			sourceTree = "<group>";
		};
		84B338EA25B0C8E00088CCC0 /* Presenter */ = {
			isa = PBXGroup;
			children = (
				84B338EB25B0C90C0088CCC0 /* StartNewGamePresenter.swift */,
			);
			path = Presenter;
			sourceTree = "<group>";
		};
		84B338F425B0DC680088CCC0 /* Presenter */ = {
			isa = PBXGroup;
			children = (
				84B338F525B0DC930088CCC0 /* SetNumberToGuessPresenter.swift */,
			);
			path = Presenter;
			sourceTree = "<group>";
		};
		84B338F925B0DCA60088CCC0 /* View */ = {
			isa = PBXGroup;
			children = (
				84B338FA25B0DCD10088CCC0 /* SetNumberToGuessView.swift */,
				84B338FD25B0DCE50088CCC0 /* SetNumberToGuessViewModel.swift */,
			);
			path = View;
			sourceTree = "<group>";
		};
		84B3390025B0DD050088CCC0 /* View */ = {
			isa = PBXGroup;
			children = (
				84B3390725B0DD500088CCC0 /* ComputerGuessesNumberView.swift */,
				84B3390A25B0DD640088CCC0 /* ComputerGuessesNumberViewModel.swift */,
			);
			path = View;
			sourceTree = "<group>";
		};
		84B3390125B0DD0C0088CCC0 /* Presenter */ = {
			isa = PBXGroup;
			children = (
				84B3390425B0DD3C0088CCC0 /* ComputerGuessesNumberPresenter.swift */,
			);
			path = Presenter;
			sourceTree = "<group>";
		};
		84B3390225B0DD180088CCC0 /* View */ = {
			isa = PBXGroup;
			children = (
				84B3391125B0DD9B0088CCC0 /* UserGuessesNumberView.swift */,
				84B3391425B0DDAC0088CCC0 /* UserGuessesNumberViewModel.swift */,
			);
			path = View;
			sourceTree = "<group>";
		};
		84B3390325B0DD1D0088CCC0 /* Presenter */ = {
			isa = PBXGroup;
			children = (
				84B3390E25B0DD870088CCC0 /* UserGuessesNumberPresenter.swift */,
			);
			path = Presenter;
			sourceTree = "<group>";
		};
		D9AF6B0725D0101200A016DF /* Services */ = {
			isa = PBXGroup;
			children = (
				D9AF6B0825D0103F00A016DF /* ComputerGuessingService.swift */,
				D9AF6B2525D0195200A016DF /* UserGuessingService.swift */,
			);
			path = Services;
			sourceTree = "<group>";
		};
		D9AF6B3025D01DD000A016DF /* ProductivityInsideTestWorkTests */ = {
			isa = PBXGroup;
			children = (
				D9AF6B5025D0384E00A016DF /* Services */,
				D9AF6B3325D01DD100A016DF /* Info.plist */,
			);
			path = ProductivityInsideTestWorkTests;
			sourceTree = "<group>";
		};
		D9AF6B4425D02CB800A016DF /* PresentationLayer */ = {
			isa = PBXGroup;
			children = (
				84AEDB2825D902960044792E /* UITextFieldExtension.swift */,
				84B23A8525D1391F0028F4DB /* GameRoundsModule */,
				D9AF6B4525D02CCA00A016DF /* Common */,
				84B338DF25B0C79B0088CCC0 /* StartNewGameModule */,
				84B338E225B0C8100088CCC0 /* SetNumberToGuessModule */,
				84B338E125B0C7EF0088CCC0 /* ComputerGuessesNumberModule */,
				84B338E025B0C7BD0088CCC0 /* UserGuessesNumberModule */,
			);
			path = PresentationLayer;
			sourceTree = "<group>";
		};
		D9AF6B4525D02CCA00A016DF /* Common */ = {
			isa = PBXGroup;
			children = (
				D9AF6B4625D02D0400A016DF /* NumberTips.swift */,
			);
			path = Common;
			sourceTree = "<group>";
		};
		D9AF6B5025D0384E00A016DF /* Services */ = {
			isa = PBXGroup;
			children = (
				D9AF6B3125D01DD100A016DF /* ComputerGuessingServiceTests.swift */,
				D9AF6B4C25D0384600A016DF /* UserGuessingServiceTests.swift */,
			);
			path = Services;
			sourceTree = "<group>";
		};
/* End PBXGroup section */

/* Begin PBXNativeTarget section */
		84B338C625B022180088CCC0 /* ProductivityInsideTestWork */ = {
			isa = PBXNativeTarget;
			buildConfigurationList = 84B338DB25B022190088CCC0 /* Build configuration list for PBXNativeTarget "ProductivityInsideTestWork" */;
			buildPhases = (
				84B338C325B022180088CCC0 /* Sources */,
				84B338C425B022180088CCC0 /* Frameworks */,
				84B338C525B022180088CCC0 /* Resources */,
			);
			buildRules = (
			);
			dependencies = (
			);
			name = ProductivityInsideTestWork;
			productName = ProductivityInsideTestWork;
			productReference = 84B338C725B022180088CCC0 /* ProductivityInsideTestWork.app */;
			productType = "com.apple.product-type.application";
		};
		D9AF6B2E25D01DD000A016DF /* ProductivityInsideTestWorkTests */ = {
			isa = PBXNativeTarget;
			buildConfigurationList = D9AF6B3625D01DD100A016DF /* Build configuration list for PBXNativeTarget "ProductivityInsideTestWorkTests" */;
			buildPhases = (
				D9AF6B2B25D01DD000A016DF /* Sources */,
				D9AF6B2C25D01DD000A016DF /* Frameworks */,
				D9AF6B2D25D01DD000A016DF /* Resources */,
			);
			buildRules = (
			);
			dependencies = (
				D9AF6B3525D01DD100A016DF /* PBXTargetDependency */,
			);
			name = ProductivityInsideTestWorkTests;
			productName = ProductivityInsideTestWorkTests;
			productReference = D9AF6B2F25D01DD000A016DF /* ProductivityInsideTestWorkTests.xctest */;
			productType = "com.apple.product-type.bundle.unit-test";
		};
/* End PBXNativeTarget section */

/* Begin PBXProject section */
		84B338BF25B022180088CCC0 /* Project object */ = {
			isa = PBXProject;
			attributes = {
				LastSwiftUpdateCheck = 1240;
				LastUpgradeCheck = 1230;
				TargetAttributes = {
					84B338C625B022180088CCC0 = {
						CreatedOnToolsVersion = 12.3;
					};
					D9AF6B2E25D01DD000A016DF = {
						CreatedOnToolsVersion = 12.4;
						TestTargetID = 84B338C625B022180088CCC0;
					};
				};
			};
			buildConfigurationList = 84B338C225B022180088CCC0 /* Build configuration list for PBXProject "ProductivityInsideTestWork" */;
			compatibilityVersion = "Xcode 9.3";
			developmentRegion = en;
			hasScannedForEncodings = 0;
			knownRegions = (
				en,
				Base,
			);
			mainGroup = 84B338BE25B022180088CCC0;
			productRefGroup = 84B338C825B022180088CCC0 /* Products */;
			projectDirPath = "";
			projectRoot = "";
			targets = (
				84B338C625B022180088CCC0 /* ProductivityInsideTestWork */,
				D9AF6B2E25D01DD000A016DF /* ProductivityInsideTestWorkTests */,
			);
		};
/* End PBXProject section */

/* Begin PBXResourcesBuildPhase section */
		84B338C525B022180088CCC0 /* Resources */ = {
			isa = PBXResourcesBuildPhase;
			buildActionMask = 2147483647;
			files = (
				84B338D725B022190088CCC0 /* LaunchScreen.storyboard in Resources */,
				84B338D425B022190088CCC0 /* Assets.xcassets in Resources */,
				84B338D225B022180088CCC0 /* Main.storyboard in Resources */,
			);
			runOnlyForDeploymentPostprocessing = 0;
		};
		D9AF6B2D25D01DD000A016DF /* Resources */ = {
			isa = PBXResourcesBuildPhase;
			buildActionMask = 2147483647;
			files = (
			);
			runOnlyForDeploymentPostprocessing = 0;
		};
/* End PBXResourcesBuildPhase section */

/* Begin PBXSourcesBuildPhase section */
		84B338C325B022180088CCC0 /* Sources */ = {
			isa = PBXSourcesBuildPhase;
			buildActionMask = 2147483647;
			files = (
				84B23A8F25D139B00028F4DB /* GameRoundsController.swift in Sources */,
				84AEDB2925D902960044792E /* UITextFieldExtension.swift in Sources */,
				84B3390B25B0DD640088CCC0 /* ComputerGuessesNumberViewModel.swift in Sources */,
				84ACB43325CB8C5B0019807D /* Constants.swift in Sources */,
				84B5950925D5347200FC3456 /* KeyboardHandler.swift in Sources */,
				84B338E625B0C8860088CCC0 /* ModulesFactory.swift in Sources */,
				84B338F625B0DC930088CCC0 /* SetNumberToGuessPresenter.swift in Sources */,
				D9AF6B4725D02D0400A016DF /* NumberTips.swift in Sources */,
				84B338CF25B022180088CCC0 /* ViewController.swift in Sources */,
				84B338EF25B0C93A0088CCC0 /* StartNewGameViewModel.swift in Sources */,
				84B3390825B0DD500088CCC0 /* ComputerGuessesNumberView.swift in Sources */,
				D9AF6B0925D0103F00A016DF /* ComputerGuessingService.swift in Sources */,
				84B338F225B0C9520088CCC0 /* StartNewGameView.swift in Sources */,
				84B338EC25B0C90C0088CCC0 /* StartNewGamePresenter.swift in Sources */,
				84B338CB25B022180088CCC0 /* AppDelegate.swift in Sources */,
				84B338FE25B0DCE50088CCC0 /* SetNumberToGuessViewModel.swift in Sources */,
				84B3390F25B0DD870088CCC0 /* UserGuessesNumberPresenter.swift in Sources */,
				D9AF6B2625D0195200A016DF /* UserGuessingService.swift in Sources */,
				84B3391225B0DD9B0088CCC0 /* UserGuessesNumberView.swift in Sources */,
				84B3391525B0DDAC0088CCC0 /* UserGuessesNumberViewModel.swift in Sources */,
				84B338CD25B022180088CCC0 /* SceneDelegate.swift in Sources */,
				84B3390525B0DD3C0088CCC0 /* ComputerGuessesNumberPresenter.swift in Sources */,
				84B338FB25B0DCD10088CCC0 /* SetNumberToGuessView.swift in Sources */,
				84B23A8B25D1396C0028F4DB /* GameRoundsPresenter.swift in Sources */,
			);
			runOnlyForDeploymentPostprocessing = 0;
		};
		D9AF6B2B25D01DD000A016DF /* Sources */ = {
			isa = PBXSourcesBuildPhase;
			buildActionMask = 2147483647;
			files = (
				D9AF6B3225D01DD100A016DF /* ComputerGuessingServiceTests.swift in Sources */,
				D9AF6B4D25D0384600A016DF /* UserGuessingServiceTests.swift in Sources */,
			);
			runOnlyForDeploymentPostprocessing = 0;
		};
/* End PBXSourcesBuildPhase section */

/* Begin PBXTargetDependency section */
		D9AF6B3525D01DD100A016DF /* PBXTargetDependency */ = {
			isa = PBXTargetDependency;
			target = 84B338C625B022180088CCC0 /* ProductivityInsideTestWork */;
			targetProxy = D9AF6B3425D01DD100A016DF /* PBXContainerItemProxy */;
		};
/* End PBXTargetDependency section */

/* Begin PBXVariantGroup section */
		84B338D025B022180088CCC0 /* Main.storyboard */ = {
			isa = PBXVariantGroup;
			children = (
				84B338D125B022180088CCC0 /* Base */,
			);
			name = Main.storyboard;
			sourceTree = "<group>";
		};
		84B338D525B022190088CCC0 /* LaunchScreen.storyboard */ = {
			isa = PBXVariantGroup;
			children = (
				84B338D625B022190088CCC0 /* Base */,
			);
			name = LaunchScreen.storyboard;
			sourceTree = "<group>";
		};
/* End PBXVariantGroup section */

/* Begin XCBuildConfiguration section */
		84B338D925B022190088CCC0 /* Debug */ = {
			isa = XCBuildConfiguration;
			buildSettings = {
				ALWAYS_SEARCH_USER_PATHS = NO;
				CLANG_ANALYZER_NONNULL = YES;
				CLANG_ANALYZER_NUMBER_OBJECT_CONVERSION = YES_AGGRESSIVE;
				CLANG_CXX_LANGUAGE_STANDARD = "gnu++14";
				CLANG_CXX_LIBRARY = "libc++";
				CLANG_ENABLE_MODULES = YES;
				CLANG_ENABLE_OBJC_ARC = YES;
				CLANG_ENABLE_OBJC_WEAK = YES;
				CLANG_WARN_BLOCK_CAPTURE_AUTORELEASING = YES;
				CLANG_WARN_BOOL_CONVERSION = YES;
				CLANG_WARN_COMMA = YES;
				CLANG_WARN_CONSTANT_CONVERSION = YES;
				CLANG_WARN_DEPRECATED_OBJC_IMPLEMENTATIONS = YES;
				CLANG_WARN_DIRECT_OBJC_ISA_USAGE = YES_ERROR;
				CLANG_WARN_DOCUMENTATION_COMMENTS = YES;
				CLANG_WARN_EMPTY_BODY = YES;
				CLANG_WARN_ENUM_CONVERSION = YES;
				CLANG_WARN_INFINITE_RECURSION = YES;
				CLANG_WARN_INT_CONVERSION = YES;
				CLANG_WARN_NON_LITERAL_NULL_CONVERSION = YES;
				CLANG_WARN_OBJC_IMPLICIT_RETAIN_SELF = YES;
				CLANG_WARN_OBJC_LITERAL_CONVERSION = YES;
				CLANG_WARN_OBJC_ROOT_CLASS = YES_ERROR;
				CLANG_WARN_QUOTED_INCLUDE_IN_FRAMEWORK_HEADER = YES;
				CLANG_WARN_RANGE_LOOP_ANALYSIS = YES;
				CLANG_WARN_STRICT_PROTOTYPES = YES;
				CLANG_WARN_SUSPICIOUS_MOVE = YES;
				CLANG_WARN_UNGUARDED_AVAILABILITY = YES_AGGRESSIVE;
				CLANG_WARN_UNREACHABLE_CODE = YES;
				CLANG_WARN__DUPLICATE_METHOD_MATCH = YES;
				COPY_PHASE_STRIP = NO;
				DEBUG_INFORMATION_FORMAT = dwarf;
				ENABLE_STRICT_OBJC_MSGSEND = YES;
				ENABLE_TESTABILITY = YES;
				GCC_C_LANGUAGE_STANDARD = gnu11;
				GCC_DYNAMIC_NO_PIC = NO;
				GCC_NO_COMMON_BLOCKS = YES;
				GCC_OPTIMIZATION_LEVEL = 0;
				GCC_PREPROCESSOR_DEFINITIONS = (
					"DEBUG=1",
					"$(inherited)",
				);
				GCC_WARN_64_TO_32_BIT_CONVERSION = YES;
				GCC_WARN_ABOUT_RETURN_TYPE = YES_ERROR;
				GCC_WARN_UNDECLARED_SELECTOR = YES;
				GCC_WARN_UNINITIALIZED_AUTOS = YES_AGGRESSIVE;
				GCC_WARN_UNUSED_FUNCTION = YES;
				GCC_WARN_UNUSED_VARIABLE = YES;
				IPHONEOS_DEPLOYMENT_TARGET = 14.3;
				MTL_ENABLE_DEBUG_INFO = INCLUDE_SOURCE;
				MTL_FAST_MATH = YES;
				ONLY_ACTIVE_ARCH = YES;
				SDKROOT = iphoneos;
				SWIFT_ACTIVE_COMPILATION_CONDITIONS = DEBUG;
				SWIFT_OPTIMIZATION_LEVEL = "-Onone";
			};
			name = Debug;
		};
		84B338DA25B022190088CCC0 /* Release */ = {
			isa = XCBuildConfiguration;
			buildSettings = {
				ALWAYS_SEARCH_USER_PATHS = NO;
				CLANG_ANALYZER_NONNULL = YES;
				CLANG_ANALYZER_NUMBER_OBJECT_CONVERSION = YES_AGGRESSIVE;
				CLANG_CXX_LANGUAGE_STANDARD = "gnu++14";
				CLANG_CXX_LIBRARY = "libc++";
				CLANG_ENABLE_MODULES = YES;
				CLANG_ENABLE_OBJC_ARC = YES;
				CLANG_ENABLE_OBJC_WEAK = YES;
				CLANG_WARN_BLOCK_CAPTURE_AUTORELEASING = YES;
				CLANG_WARN_BOOL_CONVERSION = YES;
				CLANG_WARN_COMMA = YES;
				CLANG_WARN_CONSTANT_CONVERSION = YES;
				CLANG_WARN_DEPRECATED_OBJC_IMPLEMENTATIONS = YES;
				CLANG_WARN_DIRECT_OBJC_ISA_USAGE = YES_ERROR;
				CLANG_WARN_DOCUMENTATION_COMMENTS = YES;
				CLANG_WARN_EMPTY_BODY = YES;
				CLANG_WARN_ENUM_CONVERSION = YES;
				CLANG_WARN_INFINITE_RECURSION = YES;
				CLANG_WARN_INT_CONVERSION = YES;
				CLANG_WARN_NON_LITERAL_NULL_CONVERSION = YES;
				CLANG_WARN_OBJC_IMPLICIT_RETAIN_SELF = YES;
				CLANG_WARN_OBJC_LITERAL_CONVERSION = YES;
				CLANG_WARN_OBJC_ROOT_CLASS = YES_ERROR;
				CLANG_WARN_QUOTED_INCLUDE_IN_FRAMEWORK_HEADER = YES;
				CLANG_WARN_RANGE_LOOP_ANALYSIS = YES;
				CLANG_WARN_STRICT_PROTOTYPES = YES;
				CLANG_WARN_SUSPICIOUS_MOVE = YES;
				CLANG_WARN_UNGUARDED_AVAILABILITY = YES_AGGRESSIVE;
				CLANG_WARN_UNREACHABLE_CODE = YES;
				CLANG_WARN__DUPLICATE_METHOD_MATCH = YES;
				COPY_PHASE_STRIP = NO;
				DEBUG_INFORMATION_FORMAT = "dwarf-with-dsym";
				ENABLE_NS_ASSERTIONS = NO;
				ENABLE_STRICT_OBJC_MSGSEND = YES;
				GCC_C_LANGUAGE_STANDARD = gnu11;
				GCC_NO_COMMON_BLOCKS = YES;
				GCC_WARN_64_TO_32_BIT_CONVERSION = YES;
				GCC_WARN_ABOUT_RETURN_TYPE = YES_ERROR;
				GCC_WARN_UNDECLARED_SELECTOR = YES;
				GCC_WARN_UNINITIALIZED_AUTOS = YES_AGGRESSIVE;
				GCC_WARN_UNUSED_FUNCTION = YES;
				GCC_WARN_UNUSED_VARIABLE = YES;
				IPHONEOS_DEPLOYMENT_TARGET = 14.3;
				MTL_ENABLE_DEBUG_INFO = NO;
				MTL_FAST_MATH = YES;
				SDKROOT = iphoneos;
				SWIFT_COMPILATION_MODE = wholemodule;
				SWIFT_OPTIMIZATION_LEVEL = "-O";
				VALIDATE_PRODUCT = YES;
			};
			name = Release;
		};
		84B338DC25B022190088CCC0 /* Debug */ = {
			isa = XCBuildConfiguration;
			buildSettings = {
				ASSETCATALOG_COMPILER_APPICON_NAME = AppIcon;
				ASSETCATALOG_COMPILER_GLOBAL_ACCENT_COLOR_NAME = AccentColor;
				CODE_SIGN_STYLE = Automatic;
				DEVELOPMENT_TEAM = 69TGY6R53D;
				INFOPLIST_FILE = ProductivityInsideTestWork/Info.plist;
				IPHONEOS_DEPLOYMENT_TARGET = 13.3;
				LD_RUNPATH_SEARCH_PATHS = (
					"$(inherited)",
					"@executable_path/Frameworks",
				);
				PRODUCT_BUNDLE_IDENTIFIER = com.viktor.ProductivityInsideTestWork;
				PRODUCT_NAME = "$(TARGET_NAME)";
				SWIFT_VERSION = 5.0;
				TARGETED_DEVICE_FAMILY = "1,2";
			};
			name = Debug;
		};
		84B338DD25B022190088CCC0 /* Release */ = {
			isa = XCBuildConfiguration;
			buildSettings = {
				ASSETCATALOG_COMPILER_APPICON_NAME = AppIcon;
				ASSETCATALOG_COMPILER_GLOBAL_ACCENT_COLOR_NAME = AccentColor;
				CODE_SIGN_STYLE = Automatic;
				DEVELOPMENT_TEAM = 69TGY6R53D;
				INFOPLIST_FILE = ProductivityInsideTestWork/Info.plist;
				IPHONEOS_DEPLOYMENT_TARGET = 13.3;
				LD_RUNPATH_SEARCH_PATHS = (
					"$(inherited)",
					"@executable_path/Frameworks",
				);
				PRODUCT_BUNDLE_IDENTIFIER = com.viktor.ProductivityInsideTestWork;
				PRODUCT_NAME = "$(TARGET_NAME)";
				SWIFT_VERSION = 5.0;
				TARGETED_DEVICE_FAMILY = "1,2";
			};
			name = Release;
		};
		D9AF6B3725D01DD100A016DF /* Debug */ = {
			isa = XCBuildConfiguration;
			buildSettings = {
				BUNDLE_LOADER = "$(TEST_HOST)";
				CODE_SIGN_STYLE = Automatic;
				INFOPLIST_FILE = ProductivityInsideTestWorkTests/Info.plist;
				IPHONEOS_DEPLOYMENT_TARGET = 14.3;
				LD_RUNPATH_SEARCH_PATHS = (
					"$(inherited)",
					"@executable_path/Frameworks",
					"@loader_path/Frameworks",
				);
				PRODUCT_BUNDLE_IDENTIFIER = com.viktor.ProductivityInsideTestWork.ProductivityInsideTestWorkTests;
				PRODUCT_NAME = "$(TARGET_NAME)";
				SWIFT_VERSION = 5.0;
				TARGETED_DEVICE_FAMILY = "1,2";
				TEST_HOST = "$(BUILT_PRODUCTS_DIR)/ProductivityInsideTestWork.app/ProductivityInsideTestWork";
			};
			name = Debug;
		};
		D9AF6B3825D01DD100A016DF /* Release */ = {
			isa = XCBuildConfiguration;
			buildSettings = {
				BUNDLE_LOADER = "$(TEST_HOST)";
				CODE_SIGN_STYLE = Automatic;
				INFOPLIST_FILE = ProductivityInsideTestWorkTests/Info.plist;
				IPHONEOS_DEPLOYMENT_TARGET = 14.3;
				LD_RUNPATH_SEARCH_PATHS = (
					"$(inherited)",
					"@executable_path/Frameworks",
					"@loader_path/Frameworks",
				);
				PRODUCT_BUNDLE_IDENTIFIER = com.viktor.ProductivityInsideTestWork.ProductivityInsideTestWorkTests;
				PRODUCT_NAME = "$(TARGET_NAME)";
				SWIFT_VERSION = 5.0;
				TARGETED_DEVICE_FAMILY = "1,2";
				TEST_HOST = "$(BUILT_PRODUCTS_DIR)/ProductivityInsideTestWork.app/ProductivityInsideTestWork";
			};
			name = Release;
		};
/* End XCBuildConfiguration section */

/* Begin XCConfigurationList section */
		84B338C225B022180088CCC0 /* Build configuration list for PBXProject "ProductivityInsideTestWork" */ = {
			isa = XCConfigurationList;
			buildConfigurations = (
				84B338D925B022190088CCC0 /* Debug */,
				84B338DA25B022190088CCC0 /* Release */,
			);
			defaultConfigurationIsVisible = 0;
			defaultConfigurationName = Release;
		};
		84B338DB25B022190088CCC0 /* Build configuration list for PBXNativeTarget "ProductivityInsideTestWork" */ = {
			isa = XCConfigurationList;
			buildConfigurations = (
				84B338DC25B022190088CCC0 /* Debug */,
				84B338DD25B022190088CCC0 /* Release */,
			);
			defaultConfigurationIsVisible = 0;
			defaultConfigurationName = Release;
		};
		D9AF6B3625D01DD100A016DF /* Build configuration list for PBXNativeTarget "ProductivityInsideTestWorkTests" */ = {
			isa = XCConfigurationList;
			buildConfigurations = (
				D9AF6B3725D01DD100A016DF /* Debug */,
				D9AF6B3825D01DD100A016DF /* Release */,
			);
			defaultConfigurationIsVisible = 0;
			defaultConfigurationName = Release;
		};
/* End XCConfigurationList section */
	};
	rootObject = 84B338BF25B022180088CCC0 /* Project object */;
}
